
Microsoft Visual Studio Solution File, Format Version 12.00
# Visual Studio 15
VisualStudioVersion = 15.0.28307.271
MinimumVisualStudioVersion = 10.0.40219.1
Project("{FAE04EC0-301F-11D3-BF4B-00C04F79EFBC}") = "Convert to Celcious", "Convert to Celcious\Convert to Celcious.csproj", "{B6A29540-EC9B-4B51-B090-017BBDCA25B9}"
EndProject
Global
	GlobalSection(SolutionConfigurationPlatforms) = preSolution
		Debug|Any CPU = Debug|Any CPU
		Release|Any CPU = Release|Any CPU
	EndGlobalSection
	GlobalSection(ProjectConfigurationPlatforms) = postSolution
		{B6A29540-EC9B-4B51-B090-017BBDCA25B9}.Debug|Any CPU.ActiveCfg = Debug|Any CPU
		{B6A29540-EC9B-4B51-B090-017BBDCA25B9}.Debug|Any CPU.Build.0 = Debug|Any CPU
		{B6A29540-EC9B-4B51-B090-017BBDCA25B9}.Release|Any CPU.ActiveCfg = Release|Any CPU
		{B6A29540-EC9B-4B51-B090-017BBDCA25B9}.Release|Any CPU.Build.0 = Release|Any CPU
	EndGlobalSection
	GlobalSection(SolutionProperties) = preSolution
		HideSolutionNode = FALSE
	EndGlobalSection
	GlobalSection(ExtensibilityGlobals) = postSolution
		SolutionGuid = {C74271C6-F92A-4EBB-8041-6CAED9DBE5BE}
	EndGlobalSection
EndGlobal
